
Microsoft Visual Studio Solution File, Format Version 11.00
# Visual Studio 2010
Project("{FAE04EC0-301F-11D3-BF4B-00C04F79EFBC}") = "Trafficspaces.Api", "Trafficspaces.Api\Trafficspaces.Api.csproj", "{7BD3963A-F06B-417D-B6DE-8063DBE60D60}"
EndProject
Project("{FAE04EC0-301F-11D3-BF4B-00C04F79EFBC}") = "Trafficspaces.Api.Tests", "Trafficspaces.Api.Tests\Trafficspaces.Api.Tests.csproj", "{AEDD3536-EAD8-4D94-ACB0-87A3A20B2487}"
EndProject
Global
	GlobalSection(SolutionConfigurationPlatforms) = preSolution
		Debug|Any CPU = Debug|Any CPU
		Debug|Mixed Platforms = Debug|Mixed Platforms
		Debug|x86 = Debug|x86
		Release|Any CPU = Release|Any CPU
		Release|Mixed Platforms = Release|Mixed Platforms
		Release|x86 = Release|x86
	EndGlobalSection
	GlobalSection(ProjectConfigurationPlatforms) = postSolution
		{7BD3963A-F06B-417D-B6DE-8063DBE60D60}.Debug|Any CPU.ActiveCfg = Debug|Any CPU
		{7BD3963A-F06B-417D-B6DE-8063DBE60D60}.Debug|Any CPU.Build.0 = Debug|Any CPU
		{7BD3963A-F06B-417D-B6DE-8063DBE60D60}.Debug|Mixed Platforms.ActiveCfg = Debug|Any CPU
		{7BD3963A-F06B-417D-B6DE-8063DBE60D60}.Debug|Mixed Platforms.Build.0 = Debug|Any CPU
		{7BD3963A-F06B-417D-B6DE-8063DBE60D60}.Debug|x86.ActiveCfg = Debug|Any CPU
		{7BD3963A-F06B-417D-B6DE-8063DBE60D60}.Release|Any CPU.ActiveCfg = Release|Any CPU
		{7BD3963A-F06B-417D-B6DE-8063DBE60D60}.Release|Any CPU.Build.0 = Release|Any CPU
		{7BD3963A-F06B-417D-B6DE-8063DBE60D60}.Release|Mixed Platforms.ActiveCfg = Release|Any CPU
		{7BD3963A-F06B-417D-B6DE-8063DBE60D60}.Release|Mixed Platforms.Build.0 = Release|Any CPU
		{7BD3963A-F06B-417D-B6DE-8063DBE60D60}.Release|x86.ActiveCfg = Release|Any CPU
		{AEDD3536-EAD8-4D94-ACB0-87A3A20B2487}.Debug|Any CPU.ActiveCfg = Debug|x86
		{AEDD3536-EAD8-4D94-ACB0-87A3A20B2487}.Debug|Mixed Platforms.ActiveCfg = Debug|x86
		{AEDD3536-EAD8-4D94-ACB0-87A3A20B2487}.Debug|Mixed Platforms.Build.0 = Debug|x86
		{AEDD3536-EAD8-4D94-ACB0-87A3A20B2487}.Debug|x86.ActiveCfg = Debug|x86
		{AEDD3536-EAD8-4D94-ACB0-87A3A20B2487}.Debug|x86.Build.0 = Debug|x86
		{AEDD3536-EAD8-4D94-ACB0-87A3A20B2487}.Release|Any CPU.ActiveCfg = Release|x86
		{AEDD3536-EAD8-4D94-ACB0-87A3A20B2487}.Release|Mixed Platforms.ActiveCfg = Release|x86
		{AEDD3536-EAD8-4D94-ACB0-87A3A20B2487}.Release|Mixed Platforms.Build.0 = Release|x86
		{AEDD3536-EAD8-4D94-ACB0-87A3A20B2487}.Release|x86.ActiveCfg = Release|x86
		{AEDD3536-EAD8-4D94-ACB0-87A3A20B2487}.Release|x86.Build.0 = Release|x86
	EndGlobalSection
	GlobalSection(SolutionProperties) = preSolution
		HideSolutionNode = FALSE
	EndGlobalSection
EndGlobal
